
Microsoft Visual Studio Solution File, Format Version 12.00
# Visual Studio Version 17
VisualStudioVersion = 17.6.33829.357
MinimumVisualStudioVersion = 10.0.40219.1
Project("{FAE04EC0-301F-11D3-BF4B-00C04F79EFBC}") = "ExamenApi", "ExamenApi\ExamenApi.csproj", "{D0D95808-C7FC-423B-9A16-D639510C4E3F}"
EndProject
Project("{FAE04EC0-301F-11D3-BF4B-00C04F79EFBC}") = "Domain", "Domain\Domain.csproj", "{F11F3F38-09A6-4DA4-985D-639545495973}"
EndProject
Project("{FAE04EC0-301F-11D3-BF4B-00C04F79EFBC}") = "Services", "Services\Services.csproj", "{2AEE1658-DF16-41CD-9561-C574F9C4B758}"
EndProject
Project("{FAE04EC0-301F-11D3-BF4B-00C04F79EFBC}") = "DTO", "DTO\DTO.csproj", "{C1AAAE34-9414-4F12-8F80-753491ED8BCD}"
EndProject
Project("{FAE04EC0-301F-11D3-BF4B-00C04F79EFBC}") = "Perisistence", "Perisistence\Perisistence.csproj", "{FC9085C6-1E43-4CB5-9E95-A08B418D5B4D}"
EndProject
Project("{FAE04EC0-301F-11D3-BF4B-00C04F79EFBC}") = "Utils", "Utils\Utils.csproj", "{46EC89EC-E28C-4B92-AFD8-F9162CC51967}"
EndProject
Global
	GlobalSection(SolutionConfigurationPlatforms) = preSolution
		Debug|Any CPU = Debug|Any CPU
		Release|Any CPU = Release|Any CPU
	EndGlobalSection
	GlobalSection(ProjectConfigurationPlatforms) = postSolution
		{D0D95808-C7FC-423B-9A16-D639510C4E3F}.Debug|Any CPU.ActiveCfg = Debug|Any CPU
		{D0D95808-C7FC-423B-9A16-D639510C4E3F}.Debug|Any CPU.Build.0 = Debug|Any CPU
		{D0D95808-C7FC-423B-9A16-D639510C4E3F}.Release|Any CPU.ActiveCfg = Release|Any CPU
		{D0D95808-C7FC-423B-9A16-D639510C4E3F}.Release|Any CPU.Build.0 = Release|Any CPU
		{F11F3F38-09A6-4DA4-985D-639545495973}.Debug|Any CPU.ActiveCfg = Debug|Any CPU
		{F11F3F38-09A6-4DA4-985D-639545495973}.Debug|Any CPU.Build.0 = Debug|Any CPU
		{F11F3F38-09A6-4DA4-985D-639545495973}.Release|Any CPU.ActiveCfg = Release|Any CPU
		{F11F3F38-09A6-4DA4-985D-639545495973}.Release|Any CPU.Build.0 = Release|Any CPU
		{2AEE1658-DF16-41CD-9561-C574F9C4B758}.Debug|Any CPU.ActiveCfg = Debug|Any CPU
		{2AEE1658-DF16-41CD-9561-C574F9C4B758}.Debug|Any CPU.Build.0 = Debug|Any CPU
		{2AEE1658-DF16-41CD-9561-C574F9C4B758}.Release|Any CPU.ActiveCfg = Release|Any CPU
		{2AEE1658-DF16-41CD-9561-C574F9C4B758}.Release|Any CPU.Build.0 = Release|Any CPU
		{C1AAAE34-9414-4F12-8F80-753491ED8BCD}.Debug|Any CPU.ActiveCfg = Debug|Any CPU
		{C1AAAE34-9414-4F12-8F80-753491ED8BCD}.Debug|Any CPU.Build.0 = Debug|Any CPU
		{C1AAAE34-9414-4F12-8F80-753491ED8BCD}.Release|Any CPU.ActiveCfg = Release|Any CPU
		{C1AAAE34-9414-4F12-8F80-753491ED8BCD}.Release|Any CPU.Build.0 = Release|Any CPU
		{FC9085C6-1E43-4CB5-9E95-A08B418D5B4D}.Debug|Any CPU.ActiveCfg = Debug|Any CPU
		{FC9085C6-1E43-4CB5-9E95-A08B418D5B4D}.Debug|Any CPU.Build.0 = Debug|Any CPU
		{FC9085C6-1E43-4CB5-9E95-A08B418D5B4D}.Release|Any CPU.ActiveCfg = Release|Any CPU
		{FC9085C6-1E43-4CB5-9E95-A08B418D5B4D}.Release|Any CPU.Build.0 = Release|Any CPU
		{46EC89EC-E28C-4B92-AFD8-F9162CC51967}.Debug|Any CPU.ActiveCfg = Debug|Any CPU
		{46EC89EC-E28C-4B92-AFD8-F9162CC51967}.Debug|Any CPU.Build.0 = Debug|Any CPU
		{46EC89EC-E28C-4B92-AFD8-F9162CC51967}.Release|Any CPU.ActiveCfg = Release|Any CPU
		{46EC89EC-E28C-4B92-AFD8-F9162CC51967}.Release|Any CPU.Build.0 = Release|Any CPU
	EndGlobalSection
	GlobalSection(SolutionProperties) = preSolution
		HideSolutionNode = FALSE
	EndGlobalSection
	GlobalSection(ExtensibilityGlobals) = postSolution
		SolutionGuid = {F00A5F35-B810-4921-BC25-3AF462253CBF}
	EndGlobalSection
EndGlobal
